// !$*UTF8*$!
{
	archiveVersion = 1;
	classes = {
	};
	objectVersion = 46;
	objects = {

/* Begin PBXBuildFile section */
		360978731EBF35DA00B64224 /* AppDelegate.swift in Sources */ = {isa = PBXBuildFile; fileRef = 360978711EBF35DA00B64224 /* AppDelegate.swift */; };
		360978741EBF35DA00B64224 /* ViewController.swift in Sources */ = {isa = PBXBuildFile; fileRef = 360978721EBF35DA00B64224 /* ViewController.swift */; };
		360978821EBF35F600B64224 /* LaunchScreen.storyboard in Resources */ = {isa = PBXBuildFile; fileRef = 360978771EBF35F600B64224 /* LaunchScreen.storyboard */; };
		360978831EBF35F600B64224 /* Main.storyboard in Resources */ = {isa = PBXBuildFile; fileRef = 360978791EBF35F600B64224 /* Main.storyboard */; };
		360978891EBF363900B64224 /* DependencyInjectionTests.swift in Sources */ = {isa = PBXBuildFile; fileRef = 3609787E1EBF35F600B64224 /* DependencyInjectionTests.swift */; };
		3609788A1EBF363900B64224 /* Info.plist in Resources */ = {isa = PBXBuildFile; fileRef = 360978871EBF361100B64224 /* Info.plist */; };
		3609788C1EBF374700B64224 /* Assets.xcassets in Resources */ = {isa = PBXBuildFile; fileRef = 3609788B1EBF374700B64224 /* Assets.xcassets */; };
		368170751EBF37A5000BA1DB /* Info.plist in Resources */ = {isa = PBXBuildFile; fileRef = 3609787C1EBF35F600B64224 /* Info.plist */; };
		620C01F21F0A7CC3000C2CF0 /* Registry.swift in Sources */ = {isa = PBXBuildFile; fileRef = 620C01F11F0A7CC3000C2CF0 /* Registry.swift */; };
		62184E951F0A7D6F001C673B /* TypeRegistrationTestCase.swift in Sources */ = {isa = PBXBuildFile; fileRef = 62184E941F0A7D6F001C673B /* TypeRegistrationTestCase.swift */; };
		6277AA001F09A1B400B67BD9 /* TypeContainer.swift in Sources */ = {isa = PBXBuildFile; fileRef = 6277A9FF1F09A1B400B67BD9 /* TypeContainer.swift */; };
		6277AA021F09A24A00B67BD9 /* TypeRegistry.swift in Sources */ = {isa = PBXBuildFile; fileRef = 6277AA011F09A24A00B67BD9 /* TypeRegistry.swift */; };
		6277AA041F09A2FB00B67BD9 /* Helpers.swift in Sources */ = {isa = PBXBuildFile; fileRef = 6277AA031F09A2FB00B67BD9 /* Helpers.swift */; };
		6277AA061F09A55800B67BD9 /* TypeAliases.swift in Sources */ = {isa = PBXBuildFile; fileRef = 6277AA051F09A55800B67BD9 /* TypeAliases.swift */; };
		6277AA081F09A7A200B67BD9 /* AppContainer.swift in Sources */ = {isa = PBXBuildFile; fileRef = 6277AA071F09A7A200B67BD9 /* AppContainer.swift */; };
		6277AA0A1F09A98C00B67BD9 /* RegistrationModuleType.swift in Sources */ = {isa = PBXBuildFile; fileRef = 6277AA091F09A98C00B67BD9 /* RegistrationModuleType.swift */; };
		6277AA0C1F09A9B300B67BD9 /* Registry.swift in Sources */ = {isa = PBXBuildFile; fileRef = 6277AA0B1F09A9B300B67BD9 /* Registry.swift */; };
		6277AA0E1F09AB5500B67BD9 /* GitHubAPIClientType.swift in Sources */ = {isa = PBXBuildFile; fileRef = 6277AA0D1F09AB5500B67BD9 /* GitHubAPIClientType.swift */; };
		6277AA101F09ABBD00B67BD9 /* GitHubAPIClient.swift in Sources */ = {isa = PBXBuildFile; fileRef = 6277AA0F1F09ABBD00B67BD9 /* GitHubAPIClient.swift */; };
		6277AA121F09AC7600B67BD9 /* GitHubAPITestClient.swift in Sources */ = {isa = PBXBuildFile; fileRef = 6277AA111F09AC7600B67BD9 /* GitHubAPITestClient.swift */; };
/* End PBXBuildFile section */

/* Begin PBXContainerItemProxy section */
		3609785F1EBF320400B64224 /* PBXContainerItemProxy */ = {
			isa = PBXContainerItemProxy;
			containerPortal = 360978421EBF320400B64224 /* Project object */;
			proxyType = 1;
			remoteGlobalIDString = 360978491EBF320400B64224;
			remoteInfo = DependencyInjection;
		};
/* End PBXContainerItemProxy section */

/* Begin PBXFileReference section */
		3609784A1EBF320400B64224 /* DependencyInjection.app */ = {isa = PBXFileReference; explicitFileType = wrapper.application; includeInIndex = 0; path = DependencyInjection.app; sourceTree = BUILT_PRODUCTS_DIR; };
		3609785E1EBF320400B64224 /* DependencyInjectionTests.xctest */ = {isa = PBXFileReference; explicitFileType = wrapper.cfbundle; includeInIndex = 0; path = DependencyInjectionTests.xctest; sourceTree = BUILT_PRODUCTS_DIR; };
		360978711EBF35DA00B64224 /* AppDelegate.swift */ = {isa = PBXFileReference; fileEncoding = 4; lastKnownFileType = sourcecode.swift; path = AppDelegate.swift; sourceTree = "<group>"; };
		360978721EBF35DA00B64224 /* ViewController.swift */ = {isa = PBXFileReference; fileEncoding = 4; lastKnownFileType = sourcecode.swift; path = ViewController.swift; sourceTree = "<group>"; };
		360978781EBF35F600B64224 /* Base */ = {isa = PBXFileReference; lastKnownFileType = file.storyboard; name = Base; path = Base.lproj/LaunchScreen.storyboard; sourceTree = "<group>"; };
		3609787A1EBF35F600B64224 /* Base */ = {isa = PBXFileReference; lastKnownFileType = file.storyboard; name = Base; path = Base.lproj/Main.storyboard; sourceTree = "<group>"; };
		3609787C1EBF35F600B64224 /* Info.plist */ = {isa = PBXFileReference; fileEncoding = 4; lastKnownFileType = text.plist.xml; path = Info.plist; sourceTree = "<group>"; };
		3609787E1EBF35F600B64224 /* DependencyInjectionTests.swift */ = {isa = PBXFileReference; fileEncoding = 4; lastKnownFileType = sourcecode.swift; path = DependencyInjectionTests.swift; sourceTree = "<group>"; };
		360978871EBF361100B64224 /* Info.plist */ = {isa = PBXFileReference; fileEncoding = 4; lastKnownFileType = text.plist.xml; path = Info.plist; sourceTree = "<group>"; };
		3609788B1EBF374700B64224 /* Assets.xcassets */ = {isa = PBXFileReference; lastKnownFileType = folder.assetcatalog; path = Assets.xcassets; sourceTree = "<group>"; };
		620C01F11F0A7CC3000C2CF0 /* Registry.swift */ = {isa = PBXFileReference; lastKnownFileType = sourcecode.swift; path = Registry.swift; sourceTree = "<group>"; };
		62184E941F0A7D6F001C673B /* TypeRegistrationTestCase.swift */ = {isa = PBXFileReference; fileEncoding = 4; lastKnownFileType = sourcecode.swift; path = TypeRegistrationTestCase.swift; sourceTree = "<group>"; };
		6277A9FF1F09A1B400B67BD9 /* TypeContainer.swift */ = {isa = PBXFileReference; lastKnownFileType = sourcecode.swift; path = TypeContainer.swift; sourceTree = "<group>"; };
		6277AA011F09A24A00B67BD9 /* TypeRegistry.swift */ = {isa = PBXFileReference; lastKnownFileType = sourcecode.swift; path = TypeRegistry.swift; sourceTree = "<group>"; };
		6277AA031F09A2FB00B67BD9 /* Helpers.swift */ = {isa = PBXFileReference; lastKnownFileType = sourcecode.swift; path = Helpers.swift; sourceTree = "<group>"; };
		6277AA051F09A55800B67BD9 /* TypeAliases.swift */ = {isa = PBXFileReference; lastKnownFileType = sourcecode.swift; path = TypeAliases.swift; sourceTree = "<group>"; };
		6277AA071F09A7A200B67BD9 /* AppContainer.swift */ = {isa = PBXFileReference; lastKnownFileType = sourcecode.swift; name = AppContainer.swift; path = AppContainer.swift; sourceTree = "<group>"; };
		6277AA091F09A98C00B67BD9 /* RegistrationModuleType.swift */ = {isa = PBXFileReference; lastKnownFileType = sourcecode.swift; path = RegistrationModuleType.swift; sourceTree = "<group>"; };
		6277AA0B1F09A9B300B67BD9 /* Registry.swift */ = {isa = PBXFileReference; lastKnownFileType = sourcecode.swift; path = Registry.swift; sourceTree = "<group>"; };
		6277AA0D1F09AB5500B67BD9 /* GitHubAPIClientType.swift */ = {isa = PBXFileReference; lastKnownFileType = sourcecode.swift; path = GitHubAPIClientType.swift; sourceTree = "<group>"; };
		6277AA0F1F09ABBD00B67BD9 /* GitHubAPIClient.swift */ = {isa = PBXFileReference; lastKnownFileType = sourcecode.swift; path = GitHubAPIClient.swift; sourceTree = "<group>"; };
		6277AA111F09AC7600B67BD9 /* GitHubAPITestClient.swift */ = {isa = PBXFileReference; lastKnownFileType = sourcecode.swift; path = GitHubAPITestClient.swift; sourceTree = "<group>"; };
/* End PBXFileReference section */

/* Begin PBXFrameworksBuildPhase section */
		360978471EBF320400B64224 /* Frameworks */ = {
			isa = PBXFrameworksBuildPhase;
			buildActionMask = 2147483647;
			files = (
			);
			runOnlyForDeploymentPostprocessing = 0;
		};
		3609785B1EBF320400B64224 /* Frameworks */ = {
			isa = PBXFrameworksBuildPhase;
			buildActionMask = 2147483647;
			files = (
			);
			runOnlyForDeploymentPostprocessing = 0;
		};
/* End PBXFrameworksBuildPhase section */

/* Begin PBXGroup section */
		360978411EBF320400B64224 = {
			isa = PBXGroup;
			children = (
				62C68B3F1F0A7AC000E526B1 /* Library */,
				3609784B1EBF320400B64224 /* Products */,
				360978751EBF35F600B64224 /* Resources */,
				360978701EBF35DA00B64224 /* Source */,
				3609787B1EBF35F600B64224 /* SupportFiles */,
				3609787D1EBF35F600B64224 /* UnitTests */,
			);
			sourceTree = "<group>";
		};
		3609784B1EBF320400B64224 /* Products */ = {
			isa = PBXGroup;
			children = (
				3609784A1EBF320400B64224 /* DependencyInjection.app */,
				3609785E1EBF320400B64224 /* DependencyInjectionTests.xctest */,
			);
			name = Products;
			sourceTree = "<group>";
		};
		360978701EBF35DA00B64224 /* Source */ = {
			isa = PBXGroup;
			children = (
				620C01F01F0A7CA8000C2CF0 /* TypeRegistration */,
				360978711EBF35DA00B64224 /* AppDelegate.swift */,
				6277AA0F1F09ABBD00B67BD9 /* GitHubAPIClient.swift */,
				6277AA0D1F09AB5500B67BD9 /* GitHubAPIClientType.swift */,
				360978721EBF35DA00B64224 /* ViewController.swift */,
			);
			path = Source;
			sourceTree = "<group>";
		};
		360978751EBF35F600B64224 /* Resources */ = {
			isa = PBXGroup;
			children = (
				3609788B1EBF374700B64224 /* Assets.xcassets */,
				360978771EBF35F600B64224 /* LaunchScreen.storyboard */,
				360978791EBF35F600B64224 /* Main.storyboard */,
			);
			path = Resources;
			sourceTree = "<group>";
		};
		3609787B1EBF35F600B64224 /* SupportFiles */ = {
			isa = PBXGroup;
			children = (
				3609787C1EBF35F600B64224 /* Info.plist */,
			);
			path = SupportFiles;
			sourceTree = "<group>";
		};
		3609787D1EBF35F600B64224 /* UnitTests */ = {
			isa = PBXGroup;
			children = (
				360978801EBF35F600B64224 /* SupportFiles */,
				620C01EF1F0A7C93000C2CF0 /* TypeRegistration */,
				3609787E1EBF35F600B64224 /* DependencyInjectionTests.swift */,
				6277AA111F09AC7600B67BD9 /* GitHubAPITestClient.swift */,
				62184E941F0A7D6F001C673B /* TypeRegistrationTestCase.swift */,
			);
			path = UnitTests;
			sourceTree = "<group>";
		};
		360978801EBF35F600B64224 /* SupportFiles */ = {
			isa = PBXGroup;
			children = (
				360978871EBF361100B64224 /* Info.plist */,
			);
			path = SupportFiles;
			sourceTree = "<group>";
		};
		620C01EF1F0A7C93000C2CF0 /* TypeRegistration */ = {
			isa = PBXGroup;
			children = (
				620C01F11F0A7CC3000C2CF0 /* Registry.swift */,
			);
			path = TypeRegistration;
			sourceTree = "<group>";
		};
		620C01F01F0A7CA8000C2CF0 /* TypeRegistration */ = {
			isa = PBXGroup;
			children = (
				6277AA0B1F09A9B300B67BD9 /* Registry.swift */,
			);
			path = TypeRegistration;
			sourceTree = "<group>";
		};
		62C68B3F1F0A7AC000E526B1 /* Library */ = {
			isa = PBXGroup;
			children = (
				6277AA071F09A7A200B67BD9 /* AppContainer.swift */,
				6277AA031F09A2FB00B67BD9 /* Helpers.swift */,
				6277AA091F09A98C00B67BD9 /* RegistrationModuleType.swift */,
				6277AA051F09A55800B67BD9 /* TypeAliases.swift */,
				6277A9FF1F09A1B400B67BD9 /* TypeContainer.swift */,
				6277AA011F09A24A00B67BD9 /* TypeRegistry.swift */,
			);
			path = Library;
			sourceTree = "<group>";
		};
/* End PBXGroup section */

/* Begin PBXNativeTarget section */
		360978491EBF320400B64224 /* DependencyInjection */ = {
			isa = PBXNativeTarget;
			buildConfigurationList = 360978671EBF320400B64224 /* Build configuration list for PBXNativeTarget "DependencyInjection" */;
			buildPhases = (
				360978461EBF320400B64224 /* Sources */,
				360978471EBF320400B64224 /* Frameworks */,
				360978481EBF320400B64224 /* Resources */,
			);
			buildRules = (
			);
			dependencies = (
			);
			name = DependencyInjection;
			productName = DependencyInjection;
			productReference = 3609784A1EBF320400B64224 /* DependencyInjection.app */;
			productType = "com.apple.product-type.application";
		};
		3609785D1EBF320400B64224 /* DependencyInjectionTests */ = {
			isa = PBXNativeTarget;
			buildConfigurationList = 3609786A1EBF320400B64224 /* Build configuration list for PBXNativeTarget "DependencyInjectionTests" */;
			buildPhases = (
				3609785A1EBF320400B64224 /* Sources */,
				3609785B1EBF320400B64224 /* Frameworks */,
				3609785C1EBF320400B64224 /* Resources */,
			);
			buildRules = (
			);
			dependencies = (
				360978601EBF320400B64224 /* PBXTargetDependency */,
			);
			name = DependencyInjectionTests;
			productName = DependencyInjectionTests;
			productReference = 3609785E1EBF320400B64224 /* DependencyInjectionTests.xctest */;
			productType = "com.apple.product-type.bundle.unit-test";
		};
/* End PBXNativeTarget section */

/* Begin PBXProject section */
		360978421EBF320400B64224 /* Project object */ = {
			isa = PBXProject;
			attributes = {
				LastSwiftUpdateCheck = 0830;
				LastUpgradeCheck = 0830;
				ORGANIZATIONNAME = "Alexis Digital";
				TargetAttributes = {
					360978491EBF320400B64224 = {
						CreatedOnToolsVersion = 8.3.2;
						LastSwiftMigration = 0900;
						ProvisioningStyle = Automatic;
					};
					3609785D1EBF320400B64224 = {
						CreatedOnToolsVersion = 8.3.2;
						LastSwiftMigration = 0900;
						ProvisioningStyle = Automatic;
						TestTargetID = 360978491EBF320400B64224;
					};
				};
			};
			buildConfigurationList = 360978451EBF320400B64224 /* Build configuration list for PBXProject "DependencyInjection" */;
			compatibilityVersion = "Xcode 3.2";
			developmentRegion = English;
			hasScannedForEncodings = 0;
			knownRegions = (
				en,
				Base,
			);
			mainGroup = 360978411EBF320400B64224;
			productRefGroup = 3609784B1EBF320400B64224 /* Products */;
			projectDirPath = "";
			projectRoot = "";
			targets = (
				360978491EBF320400B64224 /* DependencyInjection */,
				3609785D1EBF320400B64224 /* DependencyInjectionTests */,
			);
		};
/* End PBXProject section */

/* Begin PBXResourcesBuildPhase section */
		360978481EBF320400B64224 /* Resources */ = {
			isa = PBXResourcesBuildPhase;
			buildActionMask = 2147483647;
			files = (
				368170751EBF37A5000BA1DB /* Info.plist in Resources */,
				360978831EBF35F600B64224 /* Main.storyboard in Resources */,
				3609788C1EBF374700B64224 /* Assets.xcassets in Resources */,
				360978821EBF35F600B64224 /* LaunchScreen.storyboard in Resources */,
			);
			runOnlyForDeploymentPostprocessing = 0;
		};
		3609785C1EBF320400B64224 /* Resources */ = {
			isa = PBXResourcesBuildPhase;
			buildActionMask = 2147483647;
			files = (
				3609788A1EBF363900B64224 /* Info.plist in Resources */,
			);
			runOnlyForDeploymentPostprocessing = 0;
		};
/* End PBXResourcesBuildPhase section */

/* Begin PBXSourcesBuildPhase section */
		360978461EBF320400B64224 /* Sources */ = {
			isa = PBXSourcesBuildPhase;
			buildActionMask = 2147483647;
			files = (
				6277AA121F09AC7600B67BD9 /* GitHubAPITestClient.swift in Sources */,
				6277AA061F09A55800B67BD9 /* TypeAliases.swift in Sources */,
				6277AA021F09A24A00B67BD9 /* TypeRegistry.swift in Sources */,
				6277AA0E1F09AB5500B67BD9 /* GitHubAPIClientType.swift in Sources */,
				360978741EBF35DA00B64224 /* ViewController.swift in Sources */,
				360978731EBF35DA00B64224 /* AppDelegate.swift in Sources */,
				6277AA0C1F09A9B300B67BD9 /* Registry.swift in Sources */,
				6277AA101F09ABBD00B67BD9 /* GitHubAPIClient.swift in Sources */,
				6277AA041F09A2FB00B67BD9 /* Helpers.swift in Sources */,
				6277AA001F09A1B400B67BD9 /* TypeContainer.swift in Sources */,
				6277AA0A1F09A98C00B67BD9 /* RegistrationModuleType.swift in Sources */,
				6277AA081F09A7A200B67BD9 /* AppContainer.swift in Sources */,
			);
			runOnlyForDeploymentPostprocessing = 0;
		};
		3609785A1EBF320400B64224 /* Sources */ = {
			isa = PBXSourcesBuildPhase;
			buildActionMask = 2147483647;
			files = (
				620C01F21F0A7CC3000C2CF0 /* Registry.swift in Sources */,
				62184E951F0A7D6F001C673B /* TypeRegistrationTestCase.swift in Sources */,
				360978891EBF363900B64224 /* DependencyInjectionTests.swift in Sources */,
			);
			runOnlyForDeploymentPostprocessing = 0;
		};
/* End PBXSourcesBuildPhase section */

/* Begin PBXTargetDependency section */
		360978601EBF320400B64224 /* PBXTargetDependency */ = {
			isa = PBXTargetDependency;
			target = 360978491EBF320400B64224 /* DependencyInjection */;
			targetProxy = 3609785F1EBF320400B64224 /* PBXContainerItemProxy */;
		};
/* End PBXTargetDependency section */

/* Begin PBXVariantGroup section */
		360978771EBF35F600B64224 /* LaunchScreen.storyboard */ = {
			isa = PBXVariantGroup;
			children = (
				360978781EBF35F600B64224 /* Base */,
			);
			name = LaunchScreen.storyboard;
			path = .;
			sourceTree = "<group>";
		};
		360978791EBF35F600B64224 /* Main.storyboard */ = {
			isa = PBXVariantGroup;
			children = (
				3609787A1EBF35F600B64224 /* Base */,
			);
			name = Main.storyboard;
			path = .;
			sourceTree = "<group>";
		};
/* End PBXVariantGroup section */

/* Begin XCBuildConfiguration section */
		360978651EBF320400B64224 /* Debug */ = {
			isa = XCBuildConfiguration;
			buildSettings = {
				ALWAYS_SEARCH_USER_PATHS = NO;
				CLANG_ANALYZER_NONNULL = YES;
				CLANG_ANALYZER_NUMBER_OBJECT_CONVERSION = YES_AGGRESSIVE;
				CLANG_CXX_LANGUAGE_STANDARD = "gnu++0x";
				CLANG_CXX_LIBRARY = "libc++";
				CLANG_ENABLE_MODULES = YES;
				CLANG_ENABLE_OBJC_ARC = YES;
				CLANG_WARN_BOOL_CONVERSION = YES;
				CLANG_WARN_CONSTANT_CONVERSION = YES;
				CLANG_WARN_DIRECT_OBJC_ISA_USAGE = YES_ERROR;
				CLANG_WARN_DOCUMENTATION_COMMENTS = YES;
				CLANG_WARN_EMPTY_BODY = YES;
				CLANG_WARN_ENUM_CONVERSION = YES;
				CLANG_WARN_INFINITE_RECURSION = YES;
				CLANG_WARN_INT_CONVERSION = YES;
				CLANG_WARN_OBJC_ROOT_CLASS = YES_ERROR;
				CLANG_WARN_SUSPICIOUS_MOVE = YES;
				CLANG_WARN_UNREACHABLE_CODE = YES;
				CLANG_WARN__DUPLICATE_METHOD_MATCH = YES;
				"CODE_SIGN_IDENTITY[sdk=iphoneos*]" = "iPhone Developer";
				COPY_PHASE_STRIP = NO;
				DEBUG_INFORMATION_FORMAT = dwarf;
				ENABLE_STRICT_OBJC_MSGSEND = YES;
				ENABLE_TESTABILITY = YES;
				GCC_C_LANGUAGE_STANDARD = gnu99;
				GCC_DYNAMIC_NO_PIC = NO;
				GCC_NO_COMMON_BLOCKS = YES;
				GCC_OPTIMIZATION_LEVEL = 0;
				GCC_PREPROCESSOR_DEFINITIONS = (
					"DEBUG=1",
					"$(inherited)",
				);
				GCC_WARN_64_TO_32_BIT_CONVERSION = YES;
				GCC_WARN_ABOUT_RETURN_TYPE = YES_ERROR;
				GCC_WARN_UNDECLARED_SELECTOR = YES;
				GCC_WARN_UNINITIALIZED_AUTOS = YES_AGGRESSIVE;
				GCC_WARN_UNUSED_FUNCTION = YES;
				GCC_WARN_UNUSED_VARIABLE = YES;
				IPHONEOS_DEPLOYMENT_TARGET = 10.3;
				MTL_ENABLE_DEBUG_INFO = YES;
				ONLY_ACTIVE_ARCH = YES;
				SDKROOT = iphoneos;
				SWIFT_ACTIVE_COMPILATION_CONDITIONS = DEBUG;
				SWIFT_OPTIMIZATION_LEVEL = "-Onone";
				SWIFT_VERSION = 3.0;
			};
			name = Debug;
		};
		360978661EBF320400B64224 /* Release */ = {
			isa = XCBuildConfiguration;
			buildSettings = {
				ALWAYS_SEARCH_USER_PATHS = NO;
				CLANG_ANALYZER_NONNULL = YES;
				CLANG_ANALYZER_NUMBER_OBJECT_CONVERSION = YES_AGGRESSIVE;
				CLANG_CXX_LANGUAGE_STANDARD = "gnu++0x";
				CLANG_CXX_LIBRARY = "libc++";
				CLANG_ENABLE_MODULES = YES;
				CLANG_ENABLE_OBJC_ARC = YES;
				CLANG_WARN_BOOL_CONVERSION = YES;
				CLANG_WARN_CONSTANT_CONVERSION = YES;
				CLANG_WARN_DIRECT_OBJC_ISA_USAGE = YES_ERROR;
				CLANG_WARN_DOCUMENTATION_COMMENTS = YES;
				CLANG_WARN_EMPTY_BODY = YES;
				CLANG_WARN_ENUM_CONVERSION = YES;
				CLANG_WARN_INFINITE_RECURSION = YES;
				CLANG_WARN_INT_CONVERSION = YES;
				CLANG_WARN_OBJC_ROOT_CLASS = YES_ERROR;
				CLANG_WARN_SUSPICIOUS_MOVE = YES;
				CLANG_WARN_UNREACHABLE_CODE = YES;
				CLANG_WARN__DUPLICATE_METHOD_MATCH = YES;
				"CODE_SIGN_IDENTITY[sdk=iphoneos*]" = "iPhone Developer";
				COPY_PHASE_STRIP = NO;
				DEBUG_INFORMATION_FORMAT = "dwarf-with-dsym";
				ENABLE_NS_ASSERTIONS = NO;
				ENABLE_STRICT_OBJC_MSGSEND = YES;
				GCC_C_LANGUAGE_STANDARD = gnu99;
				GCC_NO_COMMON_BLOCKS = YES;
				GCC_WARN_64_TO_32_BIT_CONVERSION = YES;
				GCC_WARN_ABOUT_RETURN_TYPE = YES_ERROR;
				GCC_WARN_UNDECLARED_SELECTOR = YES;
				GCC_WARN_UNINITIALIZED_AUTOS = YES_AGGRESSIVE;
				GCC_WARN_UNUSED_FUNCTION = YES;
				GCC_WARN_UNUSED_VARIABLE = YES;
				IPHONEOS_DEPLOYMENT_TARGET = 10.3;
				MTL_ENABLE_DEBUG_INFO = NO;
				SDKROOT = iphoneos;
				SWIFT_OPTIMIZATION_LEVEL = "-Owholemodule";
				SWIFT_VERSION = 3.0;
				VALIDATE_PRODUCT = YES;
			};
			name = Release;
		};
		360978681EBF320400B64224 /* Debug */ = {
			isa = XCBuildConfiguration;
			buildSettings = {
				ASSETCATALOG_COMPILER_APPICON_NAME = AppIcon;
				ASSETCATALOG_COMPILER_LAUNCHIMAGE_NAME = LaunchImage;
				INFOPLIST_FILE = "$(SRCROOT)/SupportFiles/Info.plist";
				IPHONEOS_DEPLOYMENT_TARGET = 10.0;
				LD_RUNPATH_SEARCH_PATHS = "$(inherited) @executable_path/Frameworks";
				PRODUCT_BUNDLE_IDENTIFIER = com.alexisdigital.DependencyInjection;
				PRODUCT_NAME = "$(TARGET_NAME)";
				SWIFT_SWIFT3_OBJC_INFERENCE = On;
				SWIFT_VERSION = 3.0;
			};
			name = Debug;
		};
		360978691EBF320400B64224 /* Release */ = {
			isa = XCBuildConfiguration;
			buildSettings = {
				ASSETCATALOG_COMPILER_APPICON_NAME = AppIcon;
				ASSETCATALOG_COMPILER_LAUNCHIMAGE_NAME = LaunchImage;
				INFOPLIST_FILE = "$(SRCROOT)/SupportFiles/Info.plist";
				IPHONEOS_DEPLOYMENT_TARGET = 10.0;
				LD_RUNPATH_SEARCH_PATHS = "$(inherited) @executable_path/Frameworks";
				PRODUCT_BUNDLE_IDENTIFIER = com.alexisdigital.DependencyInjection;
				PRODUCT_NAME = "$(TARGET_NAME)";
				SWIFT_SWIFT3_OBJC_INFERENCE = On;
				SWIFT_VERSION = 3.0;
			};
			name = Release;
		};
		3609786B1EBF320400B64224 /* Debug */ = {
			isa = XCBuildConfiguration;
			buildSettings = {
				ALWAYS_EMBED_SWIFT_STANDARD_LIBRARIES = YES;
				BUNDLE_LOADER = "$(TEST_HOST)";
				INFOPLIST_FILE = UnitTests/SupportFiles/Info.plist;
				LD_RUNPATH_SEARCH_PATHS = "$(inherited) @executable_path/Frameworks @loader_path/Frameworks";
				PRODUCT_BUNDLE_IDENTIFIER = com.alexisdigital.DependencyInjectionTests;
				PRODUCT_NAME = "$(TARGET_NAME)";
				SWIFT_SWIFT3_OBJC_INFERENCE = On;
				SWIFT_VERSION = 3.0;
				TEST_HOST = "$(BUILT_PRODUCTS_DIR)/DependencyInjection.app/DependencyInjection";
			};
			name = Debug;
		};
		3609786C1EBF320400B64224 /* Release */ = {
			isa = XCBuildConfiguration;
			buildSettings = {
				ALWAYS_EMBED_SWIFT_STANDARD_LIBRARIES = YES;
				BUNDLE_LOADER = "$(TEST_HOST)";
				INFOPLIST_FILE = UnitTests/SupportFiles/Info.plist;
				LD_RUNPATH_SEARCH_PATHS = "$(inherited) @executable_path/Frameworks @loader_path/Frameworks";
				PRODUCT_BUNDLE_IDENTIFIER = com.alexisdigital.DependencyInjectionTests;
				PRODUCT_NAME = "$(TARGET_NAME)";
				SWIFT_SWIFT3_OBJC_INFERENCE = On;
				SWIFT_VERSION = 3.0;
				TEST_HOST = "$(BUILT_PRODUCTS_DIR)/DependencyInjection.app/DependencyInjection";
			};
			name = Release;
		};
/* End XCBuildConfiguration section */

/* Begin XCConfigurationList section */
		360978451EBF320400B64224 /* Build configuration list for PBXProject "DependencyInjection" */ = {
			isa = XCConfigurationList;
			buildConfigurations = (
				360978651EBF320400B64224 /* Debug */,
				360978661EBF320400B64224 /* Release */,
			);
			defaultConfigurationIsVisible = 0;
			defaultConfigurationName = Release;
		};
		360978671EBF320400B64224 /* Build configuration list for PBXNativeTarget "DependencyInjection" */ = {
			isa = XCConfigurationList;
			buildConfigurations = (
				360978681EBF320400B64224 /* Debug */,
				360978691EBF320400B64224 /* Release */,
			);
			defaultConfigurationIsVisible = 0;
			defaultConfigurationName = Release;
		};
		3609786A1EBF320400B64224 /* Build configuration list for PBXNativeTarget "DependencyInjectionTests" */ = {
			isa = XCConfigurationList;
			buildConfigurations = (
				3609786B1EBF320400B64224 /* Debug */,
				3609786C1EBF320400B64224 /* Release */,
			);
			defaultConfigurationIsVisible = 0;
			defaultConfigurationName = Release;
		};
/* End XCConfigurationList section */
	};
	rootObject = 360978421EBF320400B64224 /* Project object */;
}
